
Microsoft Visual Studio Solution File, Format Version 12.00
# Visual Studio Version 17
VisualStudioVersion = 17.9.34728.123
MinimumVisualStudioVersion = 10.0.40219.1
Project("{FAE04EC0-301F-11D3-BF4B-00C04F79EFBC}") = "IndexSearch", "IndexSearch.csproj", "{48030507-55C0-4100-8537-DDC2B78037EF}"
EndProject
Global
	GlobalSection(SolutionConfigurationPlatforms) = preSolution
		Debug|Any CPU = Debug|Any CPU
		Release|Any CPU = Release|Any CPU
	EndGlobalSection
	GlobalSection(ProjectConfigurationPlatforms) = postSolution
		{48030507-55C0-4100-8537-DDC2B78037EF}.Debug|Any CPU.ActiveCfg = Debug|Any CPU
		{48030507-55C0-4100-8537-DDC2B78037EF}.Debug|Any CPU.Build.0 = Debug|Any CPU
		{48030507-55C0-4100-8537-DDC2B78037EF}.Release|Any CPU.ActiveCfg = Release|Any CPU
		{48030507-55C0-4100-8537-DDC2B78037EF}.Release|Any CPU.Build.0 = Release|Any CPU
	EndGlobalSection
	GlobalSection(SolutionProperties) = preSolution
		HideSolutionNode = FALSE
	EndGlobalSection
	GlobalSection(ExtensibilityGlobals) = postSolution
		SolutionGuid = {B5B7D612-EDCE-4E0D-9121-2103C3095ACA}
	EndGlobalSection
EndGlobal
